
Microsoft Visual Studio Solution File, Format Version 12.00
Project("{FAE04EC0-301F-11D3-BF4B-00C04F79EFBC}") = "DropBear.Codex.Files", "DropBear.Codex.Files\DropBear.Codex.Files.csproj", "{D481848F-B8E5-4613-A6F6-2F92B5D85F7C}"
EndProject
Global
	GlobalSection(SolutionConfigurationPlatforms) = preSolution
		Debug|Any CPU = Debug|Any CPU
		Release|Any CPU = Release|Any CPU
	EndGlobalSection
	GlobalSection(ProjectConfigurationPlatforms) = postSolution
		{D481848F-B8E5-4613-A6F6-2F92B5D85F7C}.Debug|Any CPU.ActiveCfg = Debug|Any CPU
		{D481848F-B8E5-4613-A6F6-2F92B5D85F7C}.Debug|Any CPU.Build.0 = Debug|Any CPU
		{D481848F-B8E5-4613-A6F6-2F92B5D85F7C}.Release|Any CPU.ActiveCfg = Release|Any CPU
		{D481848F-B8E5-4613-A6F6-2F92B5D85F7C}.Release|Any CPU.Build.0 = Release|Any CPU
	EndGlobalSection
EndGlobal
